// !$*UTF8*$!
{
	archiveVersion = 1;
	classes = {
	};
	objectVersion = 46;
	objects = {

/* Begin PBXBuildFile section */
		C65052A31D3E0C0800D8B2C2 /* main.m in Sources */ = {isa = PBXBuildFile; fileRef = C65052A21D3E0C0800D8B2C2 /* main.m */; };
		C65052A61D3E0C0800D8B2C2 /* AppDelegate.m in Sources */ = {isa = PBXBuildFile; fileRef = C65052A51D3E0C0800D8B2C2 /* AppDelegate.m */; };
		C65052A91D3E0C0800D8B2C2 /* ViewController.m in Sources */ = {isa = PBXBuildFile; fileRef = C65052A81D3E0C0800D8B2C2 /* ViewController.m */; };
		C65052AC1D3E0C0800D8B2C2 /* Main.storyboard in Resources */ = {isa = PBXBuildFile; fileRef = C65052AA1D3E0C0800D8B2C2 /* Main.storyboard */; };
		C65052AE1D3E0C0800D8B2C2 /* Assets.xcassets in Resources */ = {isa = PBXBuildFile; fileRef = C65052AD1D3E0C0800D8B2C2 /* Assets.xcassets */; };
		C65052B11D3E0C0800D8B2C2 /* LaunchScreen.storyboard in Resources */ = {isa = PBXBuildFile; fileRef = C65052AF1D3E0C0800D8B2C2 /* LaunchScreen.storyboard */; };
/* End PBXBuildFile section */

/* Begin PBXFileReference section */
		C650529E1D3E0C0800D8B2C2 /* github.app */ = {isa = PBXFileReference; explicitFileType = wrapper.application; includeInIndex = 0; path = github.app; sourceTree = BUILT_PRODUCTS_DIR; };
		C65052A21D3E0C0800D8B2C2 /* main.m */ = {isa = PBXFileReference; lastKnownFileType = sourcecode.c.objc; path = main.m; sourceTree = "<group>"; };
		C65052A41D3E0C0800D8B2C2 /* AppDelegate.h */ = {isa = PBXFileReference; lastKnownFileType = sourcecode.c.h; path = AppDelegate.h; sourceTree = "<group>"; };
		C65052A51D3E0C0800D8B2C2 /* AppDelegate.m */ = {isa = PBXFileReference; lastKnownFileType = sourcecode.c.objc; path = AppDelegate.m; sourceTree = "<group>"; };
		C65052A71D3E0C0800D8B2C2 /* ViewController.h */ = {isa = PBXFileReference; lastKnownFileType = sourcecode.c.h; path = ViewController.h; sourceTree = "<group>"; };
		C65052A81D3E0C0800D8B2C2 /* ViewController.m */ = {isa = PBXFileReference; lastKnownFileType = sourcecode.c.objc; path = ViewController.m; sourceTree = "<group>"; };
		C65052AB1D3E0C0800D8B2C2 /* Base */ = {isa = PBXFileReference; lastKnownFileType = file.storyboard; name = Base; path = Base.lproj/Main.storyboard; sourceTree = "<group>"; };
		C65052AD1D3E0C0800D8B2C2 /* Assets.xcassets */ = {isa = PBXFileReference; lastKnownFileType = folder.assetcatalog; path = Assets.xcassets; sourceTree = "<group>"; };
		C65052B01D3E0C0800D8B2C2 /* Base */ = {isa = PBXFileReference; lastKnownFileType = file.storyboard; name = Base; path = Base.lproj/LaunchScreen.storyboard; sourceTree = "<group>"; };
		C65052B21D3E0C0800D8B2C2 /* Info.plist */ = {isa = PBXFileReference; lastKnownFileType = text.plist.xml; path = Info.plist; sourceTree = "<group>"; };
/* End PBXFileReference section */

/* Begin PBXFrameworksBuildPhase section */
		C650529B1D3E0C0800D8B2C2 /* Frameworks */ = {
			isa = PBXFrameworksBuildPhase;
			buildActionMask = 2147483647;
			files = (
			);
			runOnlyForDeploymentPostprocessing = 0;
		};
/* End PBXFrameworksBuildPhase section */

/* Begin PBXGroup section */
		C65052951D3E0C0800D8B2C2 = {
			isa = PBXGroup;
			children = (
				C65052A01D3E0C0800D8B2C2 /* github */,
				C650529F1D3E0C0800D8B2C2 /* Products */,
			);
			sourceTree = "<group>";
		};
		C650529F1D3E0C0800D8B2C2 /* Products */ = {
			isa = PBXGroup;
			children = (
				C650529E1D3E0C0800D8B2C2 /* github.app */,
			);
			name = Products;
			sourceTree = "<group>";
		};
		C65052A01D3E0C0800D8B2C2 /* github */ = {
			isa = PBXGroup;
			children = (
				C65052A41D3E0C0800D8B2C2 /* AppDelegate.h */,
				C65052A51D3E0C0800D8B2C2 /* AppDelegate.m */,
				C65052A71D3E0C0800D8B2C2 /* ViewController.h */,
				C65052A81D3E0C0800D8B2C2 /* ViewController.m */,
				C65052AA1D3E0C0800D8B2C2 /* Main.storyboard */,
				C65052AD1D3E0C0800D8B2C2 /* Assets.xcassets */,
				C65052AF1D3E0C0800D8B2C2 /* LaunchScreen.storyboard */,
				C65052B21D3E0C0800D8B2C2 /* Info.plist */,
				C65052A11D3E0C0800D8B2C2 /* Supporting Files */,
			);
			path = github;
			sourceTree = "<group>";
		};
		C65052A11D3E0C0800D8B2C2 /* Supporting Files */ = {
			isa = PBXGroup;
			children = (
				C65052A21D3E0C0800D8B2C2 /* main.m */,
			);
			name = "Supporting Files";
			sourceTree = "<group>";
		};
/* End PBXGroup section */

/* Begin PBXNativeTarget section */
		C650529D1D3E0C0800D8B2C2 /* github */ = {
			isa = PBXNativeTarget;
			buildConfigurationList = C65052B51D3E0C0800D8B2C2 /* Build configuration list for PBXNativeTarget "github" */;
			buildPhases = (
				C650529A1D3E0C0800D8B2C2 /* Sources */,
				C650529B1D3E0C0800D8B2C2 /* Frameworks */,
				C650529C1D3E0C0800D8B2C2 /* Resources */,
			);
			buildRules = (
			);
			dependencies = (
			);
			name = github;
			productName = github;
			productReference = C650529E1D3E0C0800D8B2C2 /* github.app */;
			productType = "com.apple.product-type.application";
		};
/* End PBXNativeTarget section */

/* Begin PBXProject section */
		C65052961D3E0C0800D8B2C2 /* Project object */ = {
			isa = PBXProject;
			attributes = {
				LastUpgradeCheck = 0720;
				ORGANIZATIONNAME = RangoLee;
				TargetAttributes = {
					C650529D1D3E0C0800D8B2C2 = {
						CreatedOnToolsVersion = 7.2.1;
						DevelopmentTeam = 3EZE4K838L;
					};
				};
			};
			buildConfigurationList = C65052991D3E0C0800D8B2C2 /* Build configuration list for PBXProject "github" */;
			compatibilityVersion = "Xcode 3.2";
			developmentRegion = English;
			hasScannedForEncodings = 0;
			knownRegions = (
				en,
				Base,
			);
			mainGroup = C65052951D3E0C0800D8B2C2;
			productRefGroup = C650529F1D3E0C0800D8B2C2 /* Products */;
			projectDirPath = "";
			projectRoot = "";
			targets = (
				C650529D1D3E0C0800D8B2C2 /* github */,
			);
		};
/* End PBXProject section */

/* Begin PBXResourcesBuildPhase section */
		C650529C1D3E0C0800D8B2C2 /* Resources */ = {
			isa = PBXResourcesBuildPhase;
			buildActionMask = 2147483647;
			files = (
				C65052B11D3E0C0800D8B2C2 /* LaunchScreen.storyboard in Resources */,
				C65052AE1D3E0C0800D8B2C2 /* Assets.xcassets in Resources */,
				C65052AC1D3E0C0800D8B2C2 /* Main.storyboard in Resources */,
			);
			runOnlyForDeploymentPostprocessing = 0;
		};
/* End PBXResourcesBuildPhase section */

/* Begin PBXSourcesBuildPhase section */
		C650529A1D3E0C0800D8B2C2 /* Sources */ = {
			isa = PBXSourcesBuildPhase;
			buildActionMask = 2147483647;
			files = (
				C65052A91D3E0C0800D8B2C2 /* ViewController.m in Sources */,
				C65052A61D3E0C0800D8B2C2 /* AppDelegate.m in Sources */,
				C65052A31D3E0C0800D8B2C2 /* main.m in Sources */,
			);
			runOnlyForDeploymentPostprocessing = 0;
		};
/* End PBXSourcesBuildPhase section */

/* Begin PBXVariantGroup section */
		C65052AA1D3E0C0800D8B2C2 /* Main.storyboard */ = {
			isa = PBXVariantGroup;
			children = (
				C65052AB1D3E0C0800D8B2C2 /* Base */,
			);
			name = Main.storyboard;
			sourceTree = "<group>";
		};
		C65052AF1D3E0C0800D8B2C2 /* LaunchScreen.storyboard */ = {
			isa = PBXVariantGroup;
			children = (
				C65052B01D3E0C0800D8B2C2 /* Base */,
			);
			name = LaunchScreen.storyboard;
			sourceTree = "<group>";
		};
/* End PBXVariantGroup section */

/* Begin XCBuildConfiguration section */
		C65052B31D3E0C0800D8B2C2 /* Debug */ = {
			isa = XCBuildConfiguration;
			buildSettings = {
				ALWAYS_SEARCH_USER_PATHS = NO;
				CLANG_CXX_LANGUAGE_STANDARD = "gnu++0x";
				CLANG_CXX_LIBRARY = "libc++";
				CLANG_ENABLE_MODULES = YES;
				CLANG_ENABLE_OBJC_ARC = YES;
				CLANG_WARN_BOOL_CONVERSION = YES;
				CLANG_WARN_CONSTANT_CONVERSION = YES;
				CLANG_WARN_DIRECT_OBJC_ISA_USAGE = YES_ERROR;
				CLANG_WARN_EMPTY_BODY = YES;
				CLANG_WARN_ENUM_CONVERSION = YES;
				CLANG_WARN_INT_CONVERSION = YES;
				CLANG_WARN_OBJC_ROOT_CLASS = YES_ERROR;
				CLANG_WARN_UNREACHABLE_CODE = YES;
				CLANG_WARN__DUPLICATE_METHOD_MATCH = YES;
				"CODE_SIGN_IDENTITY[sdk=iphoneos*]" = "iPhone Developer";
				COPY_PHASE_STRIP = NO;
				DEBUG_INFORMATION_FORMAT = dwarf;
				ENABLE_STRICT_OBJC_MSGSEND = YES;
				ENABLE_TESTABILITY = YES;
				GCC_C_LANGUAGE_STANDARD = gnu99;
				GCC_DYNAMIC_NO_PIC = NO;
				GCC_NO_COMMON_BLOCKS = YES;
				GCC_OPTIMIZATION_LEVEL = 0;
				GCC_PREPROCESSOR_DEFINITIONS = (
					"DEBUG=1",
					"$(inherited)",
				);
				GCC_WARN_64_TO_32_BIT_CONVERSION = YES;
				GCC_WARN_ABOUT_RETURN_TYPE = YES_ERROR;
				GCC_WARN_UNDECLARED_SELECTOR = YES;
				GCC_WARN_UNINITIALIZED_AUTOS = YES_AGGRESSIVE;
				GCC_WARN_UNUSED_FUNCTION = YES;
				GCC_WARN_UNUSED_VARIABLE = YES;
				IPHONEOS_DEPLOYMENT_TARGET = 9.2;
				MTL_ENABLE_DEBUG_INFO = YES;
				ONLY_ACTIVE_ARCH = YES;
				SDKROOT = iphoneos;
				TARGETED_DEVICE_FAMILY = "1,2";
			};
			name = Debug;
		};
		C65052B41D3E0C0800D8B2C2 /* Release */ = {
			isa = XCBuildConfiguration;
			buildSettings = {
				ALWAYS_SEARCH_USER_PATHS = NO;
				CLANG_CXX_LANGUAGE_STANDARD = "gnu++0x";
				CLANG_CXX_LIBRARY = "libc++";
				CLANG_ENABLE_MODULES = YES;
				CLANG_ENABLE_OBJC_ARC = YES;
				CLANG_WARN_BOOL_CONVERSION = YES;
				CLANG_WARN_CONSTANT_CONVERSION = YES;
				CLANG_WARN_DIRECT_OBJC_ISA_USAGE = YES_ERROR;
				CLANG_WARN_EMPTY_BODY = YES;
				CLANG_WARN_ENUM_CONVERSION = YES;
				CLANG_WARN_INT_CONVERSION = YES;
				CLANG_WARN_OBJC_ROOT_CLASS = YES_ERROR;
				CLANG_WARN_UNREACHABLE_CODE = YES;
				CLANG_WARN__DUPLICATE_METHOD_MATCH = YES;
				"CODE_SIGN_IDENTITY[sdk=iphoneos*]" = "iPhone Developer";
				COPY_PHASE_STRIP = NO;
				DEBUG_INFORMATION_FORMAT = "dwarf-with-dsym";
				ENABLE_NS_ASSERTIONS = NO;
				ENABLE_STRICT_OBJC_MSGSEND = YES;
				GCC_C_LANGUAGE_STANDARD = gnu99;
				GCC_NO_COMMON_BLOCKS = YES;
				GCC_WARN_64_TO_32_BIT_CONVERSION = YES;
				GCC_WARN_ABOUT_RETURN_TYPE = YES_ERROR;
				GCC_WARN_UNDECLARED_SELECTOR = YES;
				GCC_WARN_UNINITIALIZED_AUTOS = YES_AGGRESSIVE;
				GCC_WARN_UNUSED_FUNCTION = YES;
				GCC_WARN_UNUSED_VARIABLE = YES;
				IPHONEOS_DEPLOYMENT_TARGET = 9.2;
				MTL_ENABLE_DEBUG_INFO = NO;
				SDKROOT = iphoneos;
				TARGETED_DEVICE_FAMILY = "1,2";
				VALIDATE_PRODUCT = YES;
			};
			name = Release;
		};
		C65052B61D3E0C0800D8B2C2 /* Debug */ = {
			isa = XCBuildConfiguration;
			buildSettings = {
				ASSETCATALOG_COMPILER_APPICON_NAME = AppIcon;
				INFOPLIST_FILE = github/Info.plist;
				LD_RUNPATH_SEARCH_PATHS = "$(inherited) @executable_path/Frameworks";
				PRODUCT_BUNDLE_IDENTIFIER = com.Rango.github;
				PRODUCT_NAME = "$(TARGET_NAME)";
			};
			name = Debug;
		};
		C65052B71D3E0C0800D8B2C2 /* Release */ = {
			isa = XCBuildConfiguration;
			buildSettings = {
				ASSETCATALOG_COMPILER_APPICON_NAME = AppIcon;
				INFOPLIST_FILE = github/Info.plist;
				LD_RUNPATH_SEARCH_PATHS = "$(inherited) @executable_path/Frameworks";
				PRODUCT_BUNDLE_IDENTIFIER = com.Rango.github;
				PRODUCT_NAME = "$(TARGET_NAME)";
			};
			name = Release;
		};
/* End XCBuildConfiguration section */

/* Begin XCConfigurationList section */
		C65052991D3E0C0800D8B2C2 /* Build configuration list for PBXProject "github" */ = {
			isa = XCConfigurationList;
			buildConfigurations = (
				C65052B31D3E0C0800D8B2C2 /* Debug */,
				C65052B41D3E0C0800D8B2C2 /* Release */,
			);
			defaultConfigurationIsVisible = 0;
			defaultConfigurationName = Release;
		};
		C65052B51D3E0C0800D8B2C2 /* Build configuration list for PBXNativeTarget "github" */ = {
			isa = XCConfigurationList;
			buildConfigurations = (
				C65052B61D3E0C0800D8B2C2 /* Debug */,
				C65052B71D3E0C0800D8B2C2 /* Release */,
			);
			defaultConfigurationIsVisible = 0;
		};
/* End XCConfigurationList section */
	};
	rootObject = C65052961D3E0C0800D8B2C2 /* Project object */;
}
